
Microsoft Visual Studio Solution File, Format Version 12.00
# Visual Studio Version 16
VisualStudioVersion = 16.0.30320.27
MinimumVisualStudioVersion = 10.0.40219.1
Project("{FAE04EC0-301F-11D3-BF4B-00C04F79EFBC}") = "A133590.Ejercicio53", "A133590.Ejercicio53.csproj", "{5B34C311-4C71-47C5-B33E-E2B2F2506F5C}"
EndProject
Global
	GlobalSection(SolutionConfigurationPlatforms) = preSolution
		Debug|Any CPU = Debug|Any CPU
		Release|Any CPU = Release|Any CPU
	EndGlobalSection
	GlobalSection(ProjectConfigurationPlatforms) = postSolution
		{5B34C311-4C71-47C5-B33E-E2B2F2506F5C}.Debug|Any CPU.ActiveCfg = Debug|Any CPU
		{5B34C311-4C71-47C5-B33E-E2B2F2506F5C}.Debug|Any CPU.Build.0 = Debug|Any CPU
		{5B34C311-4C71-47C5-B33E-E2B2F2506F5C}.Release|Any CPU.ActiveCfg = Release|Any CPU
		{5B34C311-4C71-47C5-B33E-E2B2F2506F5C}.Release|Any CPU.Build.0 = Release|Any CPU
	EndGlobalSection
	GlobalSection(SolutionProperties) = preSolution
		HideSolutionNode = FALSE
	EndGlobalSection
	GlobalSection(ExtensibilityGlobals) = postSolution
		SolutionGuid = {18194E27-708E-44C5-87AC-31427FA746CA}
	EndGlobalSection
EndGlobal
